// !$*UTF8*$!
{
	archiveVersion = 1;
	classes = {
	};
	objectVersion = 55;
	objects = {

/* Begin PBXBuildFile section */
		3F2B47972753604200A7E86F /* MemoCardView.swift in Sources */ = {isa = PBXBuildFile; fileRef = 3F2B47962753604200A7E86F /* MemoCardView.swift */; };
		3FA126F127536B2800A0DDF0 /* MemoGridView.swift in Sources */ = {isa = PBXBuildFile; fileRef = 3FA126F027536B2800A0DDF0 /* MemoGridView.swift */; };
		3FA126F327537E3100A0DDF0 /* screenWidth.swift in Sources */ = {isa = PBXBuildFile; fileRef = 3FA126F227537E3100A0DDF0 /* screenWidth.swift */; };
		3FA3179A274F277C004EBD27 /* Swiftui_memoApp.swift in Sources */ = {isa = PBXBuildFile; fileRef = 3FA31799274F277C004EBD27 /* Swiftui_memoApp.swift */; };
		3FA3179C274F277C004EBD27 /* ContentView.swift in Sources */ = {isa = PBXBuildFile; fileRef = 3FA3179B274F277C004EBD27 /* ContentView.swift */; };
		3FA3179E274F277D004EBD27 /* Assets.xcassets in Resources */ = {isa = PBXBuildFile; fileRef = 3FA3179D274F277D004EBD27 /* Assets.xcassets */; };
		3FA317A1274F277D004EBD27 /* Preview Assets.xcassets in Resources */ = {isa = PBXBuildFile; fileRef = 3FA317A0274F277D004EBD27 /* Preview Assets.xcassets */; };
		3FA317A3274F277D004EBD27 /* Persistence.swift in Sources */ = {isa = PBXBuildFile; fileRef = 3FA317A2274F277D004EBD27 /* Persistence.swift */; };
		3FA317A6274F277D004EBD27 /* Swiftui_memo.xcdatamodeld in Sources */ = {isa = PBXBuildFile; fileRef = 3FA317A4274F277D004EBD27 /* Swiftui_memo.xcdatamodeld */; };
		3FA317AF274F28F7004EBD27 /* TextEditor.swift in Sources */ = {isa = PBXBuildFile; fileRef = 3FA317AE274F28F7004EBD27 /* TextEditor.swift */; };
		3FA317B1274F2916004EBD27 /* IdeaView.swift in Sources */ = {isa = PBXBuildFile; fileRef = 3FA317B0274F2916004EBD27 /* IdeaView.swift */; };
		3FA317B3274F293F004EBD27 /* IdeaDetailView.swift in Sources */ = {isa = PBXBuildFile; fileRef = 3FA317B2274F293F004EBD27 /* IdeaDetailView.swift */; };
		3FA317B5274F2961004EBD27 /* AddIdeaView.swift in Sources */ = {isa = PBXBuildFile; fileRef = 3FA317B4274F2961004EBD27 /* AddIdeaView.swift */; };
		3FA317B7274F299D004EBD27 /* Tab.swift in Sources */ = {isa = PBXBuildFile; fileRef = 3FA317B6274F299D004EBD27 /* Tab.swift */; };
		3FA317B9274F29CE004EBD27 /* binding + optional fallback.swift in Sources */ = {isa = PBXBuildFile; fileRef = 3FA317B8274F29CE004EBD27 /* binding + optional fallback.swift */; };
		3FA317BF274F2A0F004EBD27 /* MemoView.swift in Sources */ = {isa = PBXBuildFile; fileRef = 3FA317BE274F2A0F004EBD27 /* MemoView.swift */; };
		3FA317C1274F2A2E004EBD27 /* MemoDetailView.swift in Sources */ = {isa = PBXBuildFile; fileRef = 3FA317C0274F2A2E004EBD27 /* MemoDetailView.swift */; };
		3FA317C3274F2A58004EBD27 /* AddMemoView.swift in Sources */ = {isa = PBXBuildFile; fileRef = 3FA317C2274F2A58004EBD27 /* AddMemoView.swift */; };
		3FA317C6274F2DBA004EBD27 /* NoteView.swift in Sources */ = {isa = PBXBuildFile; fileRef = 3FA317C5274F2DBA004EBD27 /* NoteView.swift */; };
		3FA317C9274F5329004EBD27 /* HighlightedTextEditor in Frameworks */ = {isa = PBXBuildFile; productRef = 3FA317C8274F5329004EBD27 /* HighlightedTextEditor */; };
		3FA317CB274F5DBB004EBD27 /* MarkDownStyle.swift in Sources */ = {isa = PBXBuildFile; fileRef = 3FA317CA274F5DBB004EBD27 /* MarkDownStyle.swift */; };
		3FA317CD274F6CB4004EBD27 /* String.swift in Sources */ = {isa = PBXBuildFile; fileRef = 3FA317CC274F6CB4004EBD27 /* String.swift */; };
		3FA317CF274F78E9004EBD27 /* markdown.json in Resources */ = {isa = PBXBuildFile; fileRef = 3FA317CE274F78E9004EBD27 /* markdown.json */; };
/* End PBXBuildFile section */

/* Begin PBXFileReference section */
		3F2B47962753604200A7E86F /* MemoCardView.swift */ = {isa = PBXFileReference; lastKnownFileType = sourcecode.swift; path = MemoCardView.swift; sourceTree = "<group>"; };
		3FA126F027536B2800A0DDF0 /* MemoGridView.swift */ = {isa = PBXFileReference; lastKnownFileType = sourcecode.swift; path = MemoGridView.swift; sourceTree = "<group>"; };
		3FA126F227537E3100A0DDF0 /* screenWidth.swift */ = {isa = PBXFileReference; lastKnownFileType = sourcecode.swift; path = screenWidth.swift; sourceTree = "<group>"; };
		3FA31796274F277C004EBD27 /* Swiftui-memo.app */ = {isa = PBXFileReference; explicitFileType = wrapper.application; includeInIndex = 0; path = "Swiftui-memo.app"; sourceTree = BUILT_PRODUCTS_DIR; };
		3FA31799274F277C004EBD27 /* Swiftui_memoApp.swift */ = {isa = PBXFileReference; lastKnownFileType = sourcecode.swift; path = Swiftui_memoApp.swift; sourceTree = "<group>"; };
		3FA3179B274F277C004EBD27 /* ContentView.swift */ = {isa = PBXFileReference; lastKnownFileType = sourcecode.swift; path = ContentView.swift; sourceTree = "<group>"; };
		3FA3179D274F277D004EBD27 /* Assets.xcassets */ = {isa = PBXFileReference; lastKnownFileType = folder.assetcatalog; path = Assets.xcassets; sourceTree = "<group>"; };
		3FA317A0274F277D004EBD27 /* Preview Assets.xcassets */ = {isa = PBXFileReference; lastKnownFileType = folder.assetcatalog; path = "Preview Assets.xcassets"; sourceTree = "<group>"; };
		3FA317A2274F277D004EBD27 /* Persistence.swift */ = {isa = PBXFileReference; lastKnownFileType = sourcecode.swift; path = Persistence.swift; sourceTree = "<group>"; };
		3FA317A5274F277D004EBD27 /* Swiftui_memo.xcdatamodel */ = {isa = PBXFileReference; lastKnownFileType = wrapper.xcdatamodel; path = Swiftui_memo.xcdatamodel; sourceTree = "<group>"; };
		3FA317AE274F28F7004EBD27 /* TextEditor.swift */ = {isa = PBXFileReference; lastKnownFileType = sourcecode.swift; path = TextEditor.swift; sourceTree = "<group>"; };
		3FA317B0274F2916004EBD27 /* IdeaView.swift */ = {isa = PBXFileReference; lastKnownFileType = sourcecode.swift; path = IdeaView.swift; sourceTree = "<group>"; };
		3FA317B2274F293F004EBD27 /* IdeaDetailView.swift */ = {isa = PBXFileReference; lastKnownFileType = sourcecode.swift; path = IdeaDetailView.swift; sourceTree = "<group>"; };
		3FA317B4274F2961004EBD27 /* AddIdeaView.swift */ = {isa = PBXFileReference; lastKnownFileType = sourcecode.swift; path = AddIdeaView.swift; sourceTree = "<group>"; };
		3FA317B6274F299D004EBD27 /* Tab.swift */ = {isa = PBXFileReference; lastKnownFileType = sourcecode.swift; path = Tab.swift; sourceTree = "<group>"; };
		3FA317B8274F29CE004EBD27 /* binding + optional fallback.swift */ = {isa = PBXFileReference; lastKnownFileType = sourcecode.swift; path = "binding + optional fallback.swift"; sourceTree = "<group>"; };
		3FA317BE274F2A0F004EBD27 /* MemoView.swift */ = {isa = PBXFileReference; lastKnownFileType = sourcecode.swift; path = MemoView.swift; sourceTree = "<group>"; };
		3FA317C0274F2A2E004EBD27 /* MemoDetailView.swift */ = {isa = PBXFileReference; lastKnownFileType = sourcecode.swift; path = MemoDetailView.swift; sourceTree = "<group>"; };
		3FA317C2274F2A58004EBD27 /* AddMemoView.swift */ = {isa = PBXFileReference; lastKnownFileType = sourcecode.swift; path = AddMemoView.swift; sourceTree = "<group>"; };
		3FA317C5274F2DBA004EBD27 /* NoteView.swift */ = {isa = PBXFileReference; lastKnownFileType = sourcecode.swift; path = NoteView.swift; sourceTree = "<group>"; };
		3FA317CA274F5DBB004EBD27 /* MarkDownStyle.swift */ = {isa = PBXFileReference; lastKnownFileType = sourcecode.swift; path = MarkDownStyle.swift; sourceTree = "<group>"; };
		3FA317CC274F6CB4004EBD27 /* String.swift */ = {isa = PBXFileReference; lastKnownFileType = sourcecode.swift; path = String.swift; sourceTree = "<group>"; };
		3FA317CE274F78E9004EBD27 /* markdown.json */ = {isa = PBXFileReference; lastKnownFileType = text.json; path = markdown.json; sourceTree = "<group>"; };
/* End PBXFileReference section */

/* Begin PBXFrameworksBuildPhase section */
		3FA31793274F277C004EBD27 /* Frameworks */ = {
			isa = PBXFrameworksBuildPhase;
			buildActionMask = 2147483647;
			files = (
				3FA317C9274F5329004EBD27 /* HighlightedTextEditor in Frameworks */,
			);
			runOnlyForDeploymentPostprocessing = 0;
		};
/* End PBXFrameworksBuildPhase section */

/* Begin PBXGroup section */
		3FA3178D274F277C004EBD27 = {
			isa = PBXGroup;
			children = (
				3FA31798274F277C004EBD27 /* Swiftui-memo */,
				3FA31797274F277C004EBD27 /* Products */,
			);
			sourceTree = "<group>";
		};
		3FA31797274F277C004EBD27 /* Products */ = {
			isa = PBXGroup;
			children = (
				3FA31796274F277C004EBD27 /* Swiftui-memo.app */,
			);
			name = Products;
			sourceTree = "<group>";
		};
		3FA31798274F277C004EBD27 /* Swiftui-memo */ = {
			isa = PBXGroup;
			children = (
				3FA317BA274F29D7004EBD27 /* Extension */,
				3FA31799274F277C004EBD27 /* Swiftui_memoApp.swift */,
				3FA3179B274F277C004EBD27 /* ContentView.swift */,
				3FA317BD274F29F7004EBD27 /* View */,
				3FA3179D274F277D004EBD27 /* Assets.xcassets */,
				3FA317A2274F277D004EBD27 /* Persistence.swift */,
				3FA317A4274F277D004EBD27 /* Swiftui_memo.xcdatamodeld */,
				3FA3179F274F277D004EBD27 /* Preview Content */,
				3FA317CE274F78E9004EBD27 /* markdown.json */,
			);
			path = "Swiftui-memo";
			sourceTree = "<group>";
		};
		3FA3179F274F277D004EBD27 /* Preview Content */ = {
			isa = PBXGroup;
			children = (
				3FA317A0274F277D004EBD27 /* Preview Assets.xcassets */,
			);
			path = "Preview Content";
			sourceTree = "<group>";
		};
		3FA317BA274F29D7004EBD27 /* Extension */ = {
			isa = PBXGroup;
			children = (
				3FA317B6274F299D004EBD27 /* Tab.swift */,
				3FA317B8274F29CE004EBD27 /* binding + optional fallback.swift */,
				3FA317CC274F6CB4004EBD27 /* String.swift */,
				3FA126F227537E3100A0DDF0 /* screenWidth.swift */,
			);
			path = Extension;
			sourceTree = "<group>";
		};
		3FA317BB274F29E3004EBD27 /* Idea */ = {
			isa = PBXGroup;
			children = (
				3FA317B0274F2916004EBD27 /* IdeaView.swift */,
				3FA317B2274F293F004EBD27 /* IdeaDetailView.swift */,
				3FA317B4274F2961004EBD27 /* AddIdeaView.swift */,
			);
			path = Idea;
			sourceTree = "<group>";
		};
		3FA317BC274F29EF004EBD27 /* Note */ = {
			isa = PBXGroup;
			children = (
				3FA317C5274F2DBA004EBD27 /* NoteView.swift */,
				3FA317AE274F28F7004EBD27 /* TextEditor.swift */,
				3FA317CA274F5DBB004EBD27 /* MarkDownStyle.swift */,
			);
			path = Note;
			sourceTree = "<group>";
		};
		3FA317BD274F29F7004EBD27 /* View */ = {
			isa = PBXGroup;
			children = (
				3FA317BC274F29EF004EBD27 /* Note */,
				3FA317BB274F29E3004EBD27 /* Idea */,
				3FA317C4274F2D3E004EBD27 /* Memo */,
			);
			path = View;
			sourceTree = "<group>";
		};
		3FA317C4274F2D3E004EBD27 /* Memo */ = {
			isa = PBXGroup;
			children = (
				3FA317BE274F2A0F004EBD27 /* MemoView.swift */,
				3FA126F027536B2800A0DDF0 /* MemoGridView.swift */,
				3F2B47962753604200A7E86F /* MemoCardView.swift */,
				3FA317C0274F2A2E004EBD27 /* MemoDetailView.swift */,
				3FA317C2274F2A58004EBD27 /* AddMemoView.swift */,
			);
			path = Memo;
			sourceTree = "<group>";
		};
/* End PBXGroup section */

/* Begin PBXNativeTarget section */
		3FA31795274F277C004EBD27 /* Swiftui-memo */ = {
			isa = PBXNativeTarget;
			buildConfigurationList = 3FA317A9274F277D004EBD27 /* Build configuration list for PBXNativeTarget "Swiftui-memo" */;
			buildPhases = (
				3FA31792274F277C004EBD27 /* Sources */,
				3FA31793274F277C004EBD27 /* Frameworks */,
				3FA31794274F277C004EBD27 /* Resources */,
			);
			buildRules = (
			);
			dependencies = (
			);
			name = "Swiftui-memo";
			packageProductDependencies = (
				3FA317C8274F5329004EBD27 /* HighlightedTextEditor */,
			);
			productName = "Swiftui-memo";
			productReference = 3FA31796274F277C004EBD27 /* Swiftui-memo.app */;
			productType = "com.apple.product-type.application";
		};
/* End PBXNativeTarget section */

/* Begin PBXProject section */
		3FA3178E274F277C004EBD27 /* Project object */ = {
			isa = PBXProject;
			attributes = {
				BuildIndependentTargetsInParallel = 1;
				LastSwiftUpdateCheck = 1310;
				LastUpgradeCheck = 1310;
				TargetAttributes = {
					3FA31795274F277C004EBD27 = {
						CreatedOnToolsVersion = 13.1;
					};
				};
			};
			buildConfigurationList = 3FA31791274F277C004EBD27 /* Build configuration list for PBXProject "Swiftui-memo" */;
			compatibilityVersion = "Xcode 13.0";
			developmentRegion = en;
			hasScannedForEncodings = 0;
			knownRegions = (
				en,
				Base,
			);
			mainGroup = 3FA3178D274F277C004EBD27;
			packageReferences = (
				3FA317C7274F5329004EBD27 /* XCRemoteSwiftPackageReference "HighlightedTextEditor" */,
			);
			productRefGroup = 3FA31797274F277C004EBD27 /* Products */;
			projectDirPath = "";
			projectRoot = "";
			targets = (
				3FA31795274F277C004EBD27 /* Swiftui-memo */,
			);
		};
/* End PBXProject section */

/* Begin PBXResourcesBuildPhase section */
		3FA31794274F277C004EBD27 /* Resources */ = {
			isa = PBXResourcesBuildPhase;
			buildActionMask = 2147483647;
			files = (
				3FA317A1274F277D004EBD27 /* Preview Assets.xcassets in Resources */,
				3FA317CF274F78E9004EBD27 /* markdown.json in Resources */,
				3FA3179E274F277D004EBD27 /* Assets.xcassets in Resources */,
			);
			runOnlyForDeploymentPostprocessing = 0;
		};
/* End PBXResourcesBuildPhase section */

/* Begin PBXSourcesBuildPhase section */
		3FA31792274F277C004EBD27 /* Sources */ = {
			isa = PBXSourcesBuildPhase;
			buildActionMask = 2147483647;
			files = (
				3FA317C3274F2A58004EBD27 /* AddMemoView.swift in Sources */,
				3FA317B3274F293F004EBD27 /* IdeaDetailView.swift in Sources */,
				3FA317B1274F2916004EBD27 /* IdeaView.swift in Sources */,
				3FA317B9274F29CE004EBD27 /* binding + optional fallback.swift in Sources */,
				3FA317A3274F277D004EBD27 /* Persistence.swift in Sources */,
				3FA317B5274F2961004EBD27 /* AddIdeaView.swift in Sources */,
				3FA317AF274F28F7004EBD27 /* TextEditor.swift in Sources */,
				3FA317A6274F277D004EBD27 /* Swiftui_memo.xcdatamodeld in Sources */,
				3FA317CB274F5DBB004EBD27 /* MarkDownStyle.swift in Sources */,
				3FA317B7274F299D004EBD27 /* Tab.swift in Sources */,
				3F2B47972753604200A7E86F /* MemoCardView.swift in Sources */,
				3FA3179C274F277C004EBD27 /* ContentView.swift in Sources */,
				3FA126F127536B2800A0DDF0 /* MemoGridView.swift in Sources */,
				3FA126F327537E3100A0DDF0 /* screenWidth.swift in Sources */,
				3FA317C1274F2A2E004EBD27 /* MemoDetailView.swift in Sources */,
				3FA317BF274F2A0F004EBD27 /* MemoView.swift in Sources */,
				3FA317C6274F2DBA004EBD27 /* NoteView.swift in Sources */,
				3FA317CD274F6CB4004EBD27 /* String.swift in Sources */,
				3FA3179A274F277C004EBD27 /* Swiftui_memoApp.swift in Sources */,
			);
			runOnlyForDeploymentPostprocessing = 0;
		};
/* End PBXSourcesBuildPhase section */

/* Begin XCBuildConfiguration section */
		3FA317A7274F277D004EBD27 /* Debug */ = {
			isa = XCBuildConfiguration;
			buildSettings = {
				ALWAYS_SEARCH_USER_PATHS = NO;
				CLANG_ANALYZER_NONNULL = YES;
				CLANG_ANALYZER_NUMBER_OBJECT_CONVERSION = YES_AGGRESSIVE;
				CLANG_CXX_LANGUAGE_STANDARD = "gnu++17";
				CLANG_CXX_LIBRARY = "libc++";
				CLANG_ENABLE_MODULES = YES;
				CLANG_ENABLE_OBJC_ARC = YES;
				CLANG_ENABLE_OBJC_WEAK = YES;
				CLANG_WARN_BLOCK_CAPTURE_AUTORELEASING = YES;
				CLANG_WARN_BOOL_CONVERSION = YES;
				CLANG_WARN_COMMA = YES;
				CLANG_WARN_CONSTANT_CONVERSION = YES;
				CLANG_WARN_DEPRECATED_OBJC_IMPLEMENTATIONS = YES;
				CLANG_WARN_DIRECT_OBJC_ISA_USAGE = YES_ERROR;
				CLANG_WARN_DOCUMENTATION_COMMENTS = YES;
				CLANG_WARN_EMPTY_BODY = YES;
				CLANG_WARN_ENUM_CONVERSION = YES;
				CLANG_WARN_INFINITE_RECURSION = YES;
				CLANG_WARN_INT_CONVERSION = YES;
				CLANG_WARN_NON_LITERAL_NULL_CONVERSION = YES;
				CLANG_WARN_OBJC_IMPLICIT_RETAIN_SELF = YES;
				CLANG_WARN_OBJC_LITERAL_CONVERSION = YES;
				CLANG_WARN_OBJC_ROOT_CLASS = YES_ERROR;
				CLANG_WARN_QUOTED_INCLUDE_IN_FRAMEWORK_HEADER = YES;
				CLANG_WARN_RANGE_LOOP_ANALYSIS = YES;
				CLANG_WARN_STRICT_PROTOTYPES = YES;
				CLANG_WARN_SUSPICIOUS_MOVE = YES;
				CLANG_WARN_UNGUARDED_AVAILABILITY = YES_AGGRESSIVE;
				CLANG_WARN_UNREACHABLE_CODE = YES;
				CLANG_WARN__DUPLICATE_METHOD_MATCH = YES;
				COPY_PHASE_STRIP = NO;
				DEBUG_INFORMATION_FORMAT = dwarf;
				ENABLE_STRICT_OBJC_MSGSEND = YES;
				ENABLE_TESTABILITY = YES;
				GCC_C_LANGUAGE_STANDARD = gnu11;
				GCC_DYNAMIC_NO_PIC = NO;
				GCC_NO_COMMON_BLOCKS = YES;
				GCC_OPTIMIZATION_LEVEL = 0;
				GCC_PREPROCESSOR_DEFINITIONS = (
					"DEBUG=1",
					"$(inherited)",
				);
				GCC_WARN_64_TO_32_BIT_CONVERSION = YES;
				GCC_WARN_ABOUT_RETURN_TYPE = YES_ERROR;
				GCC_WARN_UNDECLARED_SELECTOR = YES;
				GCC_WARN_UNINITIALIZED_AUTOS = YES_AGGRESSIVE;
				GCC_WARN_UNUSED_FUNCTION = YES;
				GCC_WARN_UNUSED_VARIABLE = YES;
				IPHONEOS_DEPLOYMENT_TARGET = 15.0;
				MTL_ENABLE_DEBUG_INFO = INCLUDE_SOURCE;
				MTL_FAST_MATH = YES;
				ONLY_ACTIVE_ARCH = YES;
				SDKROOT = iphoneos;
				SWIFT_ACTIVE_COMPILATION_CONDITIONS = DEBUG;
				SWIFT_OPTIMIZATION_LEVEL = "-Onone";
			};
			name = Debug;
		};
		3FA317A8274F277D004EBD27 /* Release */ = {
			isa = XCBuildConfiguration;
			buildSettings = {
				ALWAYS_SEARCH_USER_PATHS = NO;
				CLANG_ANALYZER_NONNULL = YES;
				CLANG_ANALYZER_NUMBER_OBJECT_CONVERSION = YES_AGGRESSIVE;
				CLANG_CXX_LANGUAGE_STANDARD = "gnu++17";
				CLANG_CXX_LIBRARY = "libc++";
				CLANG_ENABLE_MODULES = YES;
				CLANG_ENABLE_OBJC_ARC = YES;
				CLANG_ENABLE_OBJC_WEAK = YES;
				CLANG_WARN_BLOCK_CAPTURE_AUTORELEASING = YES;
				CLANG_WARN_BOOL_CONVERSION = YES;
				CLANG_WARN_COMMA = YES;
				CLANG_WARN_CONSTANT_CONVERSION = YES;
				CLANG_WARN_DEPRECATED_OBJC_IMPLEMENTATIONS = YES;
				CLANG_WARN_DIRECT_OBJC_ISA_USAGE = YES_ERROR;
				CLANG_WARN_DOCUMENTATION_COMMENTS = YES;
				CLANG_WARN_EMPTY_BODY = YES;
				CLANG_WARN_ENUM_CONVERSION = YES;
				CLANG_WARN_INFINITE_RECURSION = YES;
				CLANG_WARN_INT_CONVERSION = YES;
				CLANG_WARN_NON_LITERAL_NULL_CONVERSION = YES;
				CLANG_WARN_OBJC_IMPLICIT_RETAIN_SELF = YES;
				CLANG_WARN_OBJC_LITERAL_CONVERSION = YES;
				CLANG_WARN_OBJC_ROOT_CLASS = YES_ERROR;
				CLANG_WARN_QUOTED_INCLUDE_IN_FRAMEWORK_HEADER = YES;
				CLANG_WARN_RANGE_LOOP_ANALYSIS = YES;
				CLANG_WARN_STRICT_PROTOTYPES = YES;
				CLANG_WARN_SUSPICIOUS_MOVE = YES;
				CLANG_WARN_UNGUARDED_AVAILABILITY = YES_AGGRESSIVE;
				CLANG_WARN_UNREACHABLE_CODE = YES;
				CLANG_WARN__DUPLICATE_METHOD_MATCH = YES;
				COPY_PHASE_STRIP = NO;
				DEBUG_INFORMATION_FORMAT = "dwarf-with-dsym";
				ENABLE_NS_ASSERTIONS = NO;
				ENABLE_STRICT_OBJC_MSGSEND = YES;
				GCC_C_LANGUAGE_STANDARD = gnu11;
				GCC_NO_COMMON_BLOCKS = YES;
				GCC_WARN_64_TO_32_BIT_CONVERSION = YES;
				GCC_WARN_ABOUT_RETURN_TYPE = YES_ERROR;
				GCC_WARN_UNDECLARED_SELECTOR = YES;
				GCC_WARN_UNINITIALIZED_AUTOS = YES_AGGRESSIVE;
				GCC_WARN_UNUSED_FUNCTION = YES;
				GCC_WARN_UNUSED_VARIABLE = YES;
				IPHONEOS_DEPLOYMENT_TARGET = 15.0;
				MTL_ENABLE_DEBUG_INFO = NO;
				MTL_FAST_MATH = YES;
				SDKROOT = iphoneos;
				SWIFT_COMPILATION_MODE = wholemodule;
				SWIFT_OPTIMIZATION_LEVEL = "-O";
				VALIDATE_PRODUCT = YES;
			};
			name = Release;
		};
		3FA317AA274F277D004EBD27 /* Debug */ = {
			isa = XCBuildConfiguration;
			buildSettings = {
				ASSETCATALOG_COMPILER_APPICON_NAME = AppIcon;
				ASSETCATALOG_COMPILER_GLOBAL_ACCENT_COLOR_NAME = AccentColor;
				CODE_SIGN_STYLE = Automatic;
				CURRENT_PROJECT_VERSION = 1;
				DEVELOPMENT_ASSET_PATHS = "\"Swiftui-memo/Preview Content\"";
				DEVELOPMENT_TEAM = 6P9693WTZ5;
				ENABLE_PREVIEWS = YES;
				GENERATE_INFOPLIST_FILE = YES;
				INFOPLIST_KEY_UIApplicationSceneManifest_Generation = YES;
				INFOPLIST_KEY_UIApplicationSupportsIndirectInputEvents = YES;
				INFOPLIST_KEY_UILaunchScreen_Generation = YES;
				INFOPLIST_KEY_UISupportedInterfaceOrientations_iPad = "UIInterfaceOrientationPortrait UIInterfaceOrientationPortraitUpsideDown UIInterfaceOrientationLandscapeLeft UIInterfaceOrientationLandscapeRight";
				INFOPLIST_KEY_UISupportedInterfaceOrientations_iPhone = "UIInterfaceOrientationPortrait UIInterfaceOrientationLandscapeLeft UIInterfaceOrientationLandscapeRight";
				LD_RUNPATH_SEARCH_PATHS = (
					"$(inherited)",
					"@executable_path/Frameworks",
				);
				MARKETING_VERSION = 1.0;
				PRODUCT_BUNDLE_IDENTIFIER = "lan.Swiftui-memo";
				PRODUCT_NAME = "$(TARGET_NAME)";
				SWIFT_EMIT_LOC_STRINGS = YES;
				SWIFT_VERSION = 5.0;
				TARGETED_DEVICE_FAMILY = "1,2";
			};
			name = Debug;
		};
		3FA317AB274F277D004EBD27 /* Release */ = {
			isa = XCBuildConfiguration;
			buildSettings = {
				ASSETCATALOG_COMPILER_APPICON_NAME = AppIcon;
				ASSETCATALOG_COMPILER_GLOBAL_ACCENT_COLOR_NAME = AccentColor;
				CODE_SIGN_STYLE = Automatic;
				CURRENT_PROJECT_VERSION = 1;
				DEVELOPMENT_ASSET_PATHS = "\"Swiftui-memo/Preview Content\"";
				DEVELOPMENT_TEAM = 6P9693WTZ5;
				ENABLE_PREVIEWS = YES;
				GENERATE_INFOPLIST_FILE = YES;
				INFOPLIST_KEY_UIApplicationSceneManifest_Generation = YES;
				INFOPLIST_KEY_UIApplicationSupportsIndirectInputEvents = YES;
				INFOPLIST_KEY_UILaunchScreen_Generation = YES;
				INFOPLIST_KEY_UISupportedInterfaceOrientations_iPad = "UIInterfaceOrientationPortrait UIInterfaceOrientationPortraitUpsideDown UIInterfaceOrientationLandscapeLeft UIInterfaceOrientationLandscapeRight";
				INFOPLIST_KEY_UISupportedInterfaceOrientations_iPhone = "UIInterfaceOrientationPortrait UIInterfaceOrientationLandscapeLeft UIInterfaceOrientationLandscapeRight";
				LD_RUNPATH_SEARCH_PATHS = (
					"$(inherited)",
					"@executable_path/Frameworks",
				);
				MARKETING_VERSION = 1.0;
				PRODUCT_BUNDLE_IDENTIFIER = "lan.Swiftui-memo";
				PRODUCT_NAME = "$(TARGET_NAME)";
				SWIFT_EMIT_LOC_STRINGS = YES;
				SWIFT_VERSION = 5.0;
				TARGETED_DEVICE_FAMILY = "1,2";
			};
			name = Release;
		};
/* End XCBuildConfiguration section */

/* Begin XCConfigurationList section */
		3FA31791274F277C004EBD27 /* Build configuration list for PBXProject "Swiftui-memo" */ = {
			isa = XCConfigurationList;
			buildConfigurations = (
				3FA317A7274F277D004EBD27 /* Debug */,
				3FA317A8274F277D004EBD27 /* Release */,
			);
			defaultConfigurationIsVisible = 0;
			defaultConfigurationName = Release;
		};
		3FA317A9274F277D004EBD27 /* Build configuration list for PBXNativeTarget "Swiftui-memo" */ = {
			isa = XCConfigurationList;
			buildConfigurations = (
				3FA317AA274F277D004EBD27 /* Debug */,
				3FA317AB274F277D004EBD27 /* Release */,
			);
			defaultConfigurationIsVisible = 0;
			defaultConfigurationName = Release;
		};
/* End XCConfigurationList section */

/* Begin XCRemoteSwiftPackageReference section */
		3FA317C7274F5329004EBD27 /* XCRemoteSwiftPackageReference "HighlightedTextEditor" */ = {
			isa = XCRemoteSwiftPackageReference;
			repositoryURL = "https://github.com/kyle-n/HighlightedTextEditor";
			requirement = {
				kind = upToNextMajorVersion;
				minimumVersion = 2.0.0;
			};
		};
/* End XCRemoteSwiftPackageReference section */

/* Begin XCSwiftPackageProductDependency section */
		3FA317C8274F5329004EBD27 /* HighlightedTextEditor */ = {
			isa = XCSwiftPackageProductDependency;
			package = 3FA317C7274F5329004EBD27 /* XCRemoteSwiftPackageReference "HighlightedTextEditor" */;
			productName = HighlightedTextEditor;
		};
/* End XCSwiftPackageProductDependency section */

/* Begin XCVersionGroup section */
		3FA317A4274F277D004EBD27 /* Swiftui_memo.xcdatamodeld */ = {
			isa = XCVersionGroup;
			children = (
				3FA317A5274F277D004EBD27 /* Swiftui_memo.xcdatamodel */,
			);
			currentVersion = 3FA317A5274F277D004EBD27 /* Swiftui_memo.xcdatamodel */;
			path = Swiftui_memo.xcdatamodeld;
			sourceTree = "<group>";
			versionGroupType = wrapper.xcdatamodel;
		};
/* End XCVersionGroup section */
	};
	rootObject = 3FA3178E274F277C004EBD27 /* Project object */;
}
